{
  "name": "Jade-Palace",
  "lockfileVersion": 3,
  "requires": true,
  "packages": {
    "": {
      "dependencies": {
        "@authgear/web": "2.9.0",
        "jquery": "^3.7.1"
      }
    },
    "node_modules/@authgear/web": {
      "version": "2.9.0",
      "resolved": "https://registry.npmjs.org/@authgear/web/-/web-2.9.0.tgz",
      "integrity": "sha512-syudkeiF1P+rKswYAywmJyAtZRV9tEX8nBAQT7ED9yZdETPgC8ay/2OyYd4v5c0zq9sD9P7KzOr+fdtuVtBTfg=="
    },
    "node_modules/jquery": {
      "version": "3.7.1",
      "resolved": "https://registry.npmjs.org/jquery/-/jquery-3.7.1.tgz",
      "integrity": "sha512-m4avr8yL8kmFN8psrbFFFmB/If14iN5o9nw/NgnnM+kybDJpRsAynV2BsfpTYrTRysYUdADVD7CkUUizgkpLfg=="
    }
  }
}
